
Microsoft Visual Studio Solution File, Format Version 12.00
# Visual Studio Version 16
VisualStudioVersion = 16.0.32901.82
MinimumVisualStudioVersion = 10.0.40219.1
Project("{FAE04EC0-301F-11D3-BF4B-00C04F79EFBC}") = "CNPM_QLTienAn", "CNPM_QLTienAn\CNPM_QLTienAn.csproj", "{79A5F564-AAB7-4DEB-BB63-35CD19EFB309}"
EndProject
Project("{54435603-DBB4-11D2-8724-00A0C9A8B90C}") = "SetupQLTA", "SetupQLTA\SetupQLTA.vdproj", "{0AAB08BC-21E2-4640-8278-D5DBD1E342F4}"
EndProject
Global
	GlobalSection(SolutionConfigurationPlatforms) = preSolution
		Debug|Any CPU = Debug|Any CPU
		Release|Any CPU = Release|Any CPU
	EndGlobalSection
	GlobalSection(ProjectConfigurationPlatforms) = postSolution
		{79A5F564-AAB7-4DEB-BB63-35CD19EFB309}.Debug|Any CPU.ActiveCfg = Debug|Any CPU
		{79A5F564-AAB7-4DEB-BB63-35CD19EFB309}.Debug|Any CPU.Build.0 = Debug|Any CPU
		{79A5F564-AAB7-4DEB-BB63-35CD19EFB309}.Release|Any CPU.ActiveCfg = Release|Any CPU
		{79A5F564-AAB7-4DEB-BB63-35CD19EFB309}.Release|Any CPU.Build.0 = Release|Any CPU
		{0AAB08BC-21E2-4640-8278-D5DBD1E342F4}.Debug|Any CPU.ActiveCfg = Debug
		{0AAB08BC-21E2-4640-8278-D5DBD1E342F4}.Release|Any CPU.ActiveCfg = Release
	EndGlobalSection
	GlobalSection(SolutionProperties) = preSolution
		HideSolutionNode = FALSE
	EndGlobalSection
	GlobalSection(ExtensibilityGlobals) = postSolution
		SolutionGuid = {23E8F3FD-A6B2-45A8-93F5-CB68957820A2}
	EndGlobalSection
EndGlobal
